
Microsoft Visual Studio Solution File, Format Version 12.00
# Visual Studio 15
Project("{8BC9CEB8-8B4A-11D0-8D11-00A0C91BC942}") = "ALL_BUILD", "ALL_BUILD.vcxproj", "{34788FF9-25AF-3641-B3B7-162CF8570873}"
	ProjectSection(ProjectDependencies) = postProject
		{E7651011-BF37-34A4-A714-D50407E8103B} = {E7651011-BF37-34A4-A714-D50407E8103B}
		{C9CB7889-187A-3984-A2C9-FD8D82D82A50} = {C9CB7889-187A-3984-A2C9-FD8D82D82A50}
	EndProjectSection
EndProject
Project("{8BC9CEB8-8B4A-11D0-8D11-00A0C91BC942}") = "INSTALL", "INSTALL.vcxproj", "{01ACFF47-4637-3147-88DA-C33817AABD99}"
	ProjectSection(ProjectDependencies) = postProject
		{34788FF9-25AF-3641-B3B7-162CF8570873} = {34788FF9-25AF-3641-B3B7-162CF8570873}
		{E7651011-BF37-34A4-A714-D50407E8103B} = {E7651011-BF37-34A4-A714-D50407E8103B}
	EndProjectSection
EndProject
Project("{8BC9CEB8-8B4A-11D0-8D11-00A0C91BC942}") = "ZERO_CHECK", "ZERO_CHECK.vcxproj", "{E7651011-BF37-34A4-A714-D50407E8103B}"
	ProjectSection(ProjectDependencies) = postProject
	EndProjectSection
EndProject
Project("{8BC9CEB8-8B4A-11D0-8D11-00A0C91BC942}") = "vecTest", "src\model\hello\vecTest.vcxproj", "{C9CB7889-187A-3984-A2C9-FD8D82D82A50}"
	ProjectSection(ProjectDependencies) = postProject
		{E7651011-BF37-34A4-A714-D50407E8103B} = {E7651011-BF37-34A4-A714-D50407E8103B}
	EndProjectSection
EndProject
Global
	GlobalSection(SolutionConfigurationPlatforms) = preSolution
		Debug|Win32 = Debug|Win32
		Release|Win32 = Release|Win32
		MinSizeRel|Win32 = MinSizeRel|Win32
		RelWithDebInfo|Win32 = RelWithDebInfo|Win32
	EndGlobalSection
	GlobalSection(ProjectConfigurationPlatforms) = postSolution
		{34788FF9-25AF-3641-B3B7-162CF8570873}.Debug|Win32.ActiveCfg = Debug|Win32
		{34788FF9-25AF-3641-B3B7-162CF8570873}.Debug|Win32.Build.0 = Debug|Win32
		{34788FF9-25AF-3641-B3B7-162CF8570873}.Release|Win32.ActiveCfg = Release|Win32
		{34788FF9-25AF-3641-B3B7-162CF8570873}.Release|Win32.Build.0 = Release|Win32
		{34788FF9-25AF-3641-B3B7-162CF8570873}.MinSizeRel|Win32.ActiveCfg = MinSizeRel|Win32
		{34788FF9-25AF-3641-B3B7-162CF8570873}.MinSizeRel|Win32.Build.0 = MinSizeRel|Win32
		{34788FF9-25AF-3641-B3B7-162CF8570873}.RelWithDebInfo|Win32.ActiveCfg = RelWithDebInfo|Win32
		{34788FF9-25AF-3641-B3B7-162CF8570873}.RelWithDebInfo|Win32.Build.0 = RelWithDebInfo|Win32
		{01ACFF47-4637-3147-88DA-C33817AABD99}.Debug|Win32.ActiveCfg = Debug|Win32
		{01ACFF47-4637-3147-88DA-C33817AABD99}.Release|Win32.ActiveCfg = Release|Win32
		{01ACFF47-4637-3147-88DA-C33817AABD99}.MinSizeRel|Win32.ActiveCfg = MinSizeRel|Win32
		{01ACFF47-4637-3147-88DA-C33817AABD99}.RelWithDebInfo|Win32.ActiveCfg = RelWithDebInfo|Win32
		{E7651011-BF37-34A4-A714-D50407E8103B}.Debug|Win32.ActiveCfg = Debug|Win32
		{E7651011-BF37-34A4-A714-D50407E8103B}.Debug|Win32.Build.0 = Debug|Win32
		{E7651011-BF37-34A4-A714-D50407E8103B}.Release|Win32.ActiveCfg = Release|Win32
		{E7651011-BF37-34A4-A714-D50407E8103B}.Release|Win32.Build.0 = Release|Win32
		{E7651011-BF37-34A4-A714-D50407E8103B}.MinSizeRel|Win32.ActiveCfg = MinSizeRel|Win32
		{E7651011-BF37-34A4-A714-D50407E8103B}.MinSizeRel|Win32.Build.0 = MinSizeRel|Win32
		{E7651011-BF37-34A4-A714-D50407E8103B}.RelWithDebInfo|Win32.ActiveCfg = RelWithDebInfo|Win32
		{E7651011-BF37-34A4-A714-D50407E8103B}.RelWithDebInfo|Win32.Build.0 = RelWithDebInfo|Win32
		{C9CB7889-187A-3984-A2C9-FD8D82D82A50}.Debug|Win32.ActiveCfg = Debug|Win32
		{C9CB7889-187A-3984-A2C9-FD8D82D82A50}.Debug|Win32.Build.0 = Debug|Win32
		{C9CB7889-187A-3984-A2C9-FD8D82D82A50}.Release|Win32.ActiveCfg = Release|Win32
		{C9CB7889-187A-3984-A2C9-FD8D82D82A50}.Release|Win32.Build.0 = Release|Win32
		{C9CB7889-187A-3984-A2C9-FD8D82D82A50}.MinSizeRel|Win32.ActiveCfg = MinSizeRel|Win32
		{C9CB7889-187A-3984-A2C9-FD8D82D82A50}.MinSizeRel|Win32.Build.0 = MinSizeRel|Win32
		{C9CB7889-187A-3984-A2C9-FD8D82D82A50}.RelWithDebInfo|Win32.ActiveCfg = RelWithDebInfo|Win32
		{C9CB7889-187A-3984-A2C9-FD8D82D82A50}.RelWithDebInfo|Win32.Build.0 = RelWithDebInfo|Win32
	EndGlobalSection
	GlobalSection(ExtensibilityGlobals) = postSolution
		SolutionGuid = {762E2FDB-6313-3CA2-BC71-24D63FDD12A2}
	EndGlobalSection
	GlobalSection(ExtensibilityAddIns) = postSolution
	EndGlobalSection
EndGlobal
